
Microsoft Visual Studio Solution File, Format Version 12.00
# Visual Studio Version 17
VisualStudioVersion = 17.0.31612.314
MinimumVisualStudioVersion = 10.0.40219.1
Project("{9A19103F-16F7-4668-BE54-9A1E7A4F7556}") = "Rabatberegner", "Rabatberegner.csproj", "{E068AFFF-C1E8-4628-9805-873856C5CE8C}"
EndProject
Project("{FAE04EC0-301F-11D3-BF4B-00C04F79EFBC}") = "Rabatberegner.Test", "..\Rabatberegner.Test\Rabatberegner.Test.csproj", "{75CE3E87-157E-4F55-85DD-18D6C2315DC8}"
EndProject
Global
	GlobalSection(SolutionConfigurationPlatforms) = preSolution
		Debug|Any CPU = Debug|Any CPU
		Release|Any CPU = Release|Any CPU
	EndGlobalSection
	GlobalSection(ProjectConfigurationPlatforms) = postSolution
		{E068AFFF-C1E8-4628-9805-873856C5CE8C}.Debug|Any CPU.ActiveCfg = Debug|Any CPU
		{E068AFFF-C1E8-4628-9805-873856C5CE8C}.Debug|Any CPU.Build.0 = Debug|Any CPU
		{E068AFFF-C1E8-4628-9805-873856C5CE8C}.Release|Any CPU.ActiveCfg = Release|Any CPU
		{E068AFFF-C1E8-4628-9805-873856C5CE8C}.Release|Any CPU.Build.0 = Release|Any CPU
		{75CE3E87-157E-4F55-85DD-18D6C2315DC8}.Debug|Any CPU.ActiveCfg = Debug|Any CPU
		{75CE3E87-157E-4F55-85DD-18D6C2315DC8}.Debug|Any CPU.Build.0 = Debug|Any CPU
		{75CE3E87-157E-4F55-85DD-18D6C2315DC8}.Release|Any CPU.ActiveCfg = Release|Any CPU
		{75CE3E87-157E-4F55-85DD-18D6C2315DC8}.Release|Any CPU.Build.0 = Release|Any CPU
	EndGlobalSection
	GlobalSection(SolutionProperties) = preSolution
		HideSolutionNode = FALSE
	EndGlobalSection
	GlobalSection(ExtensibilityGlobals) = postSolution
		SolutionGuid = {2E843A25-5C58-45B4-BC22-1CF79F642B5B}
	EndGlobalSection
EndGlobal
